
Microsoft Visual Studio Solution File, Format Version 12.00
# Visual Studio Version 17
VisualStudioVersion = 17.8.34525.116
MinimumVisualStudioVersion = 10.0.40219.1
Project("{FAE04EC0-301F-11D3-BF4B-00C04F79EFBC}") = "Trucking.Match", "Trucking.Match\Trucking.Match.csproj", "{C8F2B47F-162B-4BCE-9610-80A08A49200B}"
EndProject
Project("{FAE04EC0-301F-11D3-BF4B-00C04F79EFBC}") = "Trucking.Vehicle", "Trucking.Vehicle\Trucking.Vehicle.csproj", "{329F043F-5B72-4F56-848D-F8066D017F3A}"
EndProject
Project("{FAE04EC0-301F-11D3-BF4B-00C04F79EFBC}") = "Trucking.Job", "Trucking.Job\Trucking.Job.csproj", "{AC6BCA55-B3CA-4BDB-9C96-EA28FD288FB2}"
EndProject
Project("{FAE04EC0-301F-11D3-BF4B-00C04F79EFBC}") = "Trucking.Match.Unit", "Trucking.Mach.Unit\Trucking.Match.Unit.csproj", "{D7EA9E5F-A17B-40BE-92C4-813429361963}"
EndProject
Global
	GlobalSection(SolutionConfigurationPlatforms) = preSolution
		Debug|Any CPU = Debug|Any CPU
		Release|Any CPU = Release|Any CPU
	EndGlobalSection
	GlobalSection(ProjectConfigurationPlatforms) = postSolution
		{C8F2B47F-162B-4BCE-9610-80A08A49200B}.Debug|Any CPU.ActiveCfg = Debug|Any CPU
		{C8F2B47F-162B-4BCE-9610-80A08A49200B}.Debug|Any CPU.Build.0 = Debug|Any CPU
		{C8F2B47F-162B-4BCE-9610-80A08A49200B}.Release|Any CPU.ActiveCfg = Release|Any CPU
		{C8F2B47F-162B-4BCE-9610-80A08A49200B}.Release|Any CPU.Build.0 = Release|Any CPU
		{329F043F-5B72-4F56-848D-F8066D017F3A}.Debug|Any CPU.ActiveCfg = Debug|Any CPU
		{329F043F-5B72-4F56-848D-F8066D017F3A}.Debug|Any CPU.Build.0 = Debug|Any CPU
		{329F043F-5B72-4F56-848D-F8066D017F3A}.Release|Any CPU.ActiveCfg = Release|Any CPU
		{329F043F-5B72-4F56-848D-F8066D017F3A}.Release|Any CPU.Build.0 = Release|Any CPU
		{AC6BCA55-B3CA-4BDB-9C96-EA28FD288FB2}.Debug|Any CPU.ActiveCfg = Debug|Any CPU
		{AC6BCA55-B3CA-4BDB-9C96-EA28FD288FB2}.Debug|Any CPU.Build.0 = Debug|Any CPU
		{AC6BCA55-B3CA-4BDB-9C96-EA28FD288FB2}.Release|Any CPU.ActiveCfg = Release|Any CPU
		{AC6BCA55-B3CA-4BDB-9C96-EA28FD288FB2}.Release|Any CPU.Build.0 = Release|Any CPU
		{D7EA9E5F-A17B-40BE-92C4-813429361963}.Debug|Any CPU.ActiveCfg = Debug|Any CPU
		{D7EA9E5F-A17B-40BE-92C4-813429361963}.Debug|Any CPU.Build.0 = Debug|Any CPU
		{D7EA9E5F-A17B-40BE-92C4-813429361963}.Release|Any CPU.ActiveCfg = Release|Any CPU
		{D7EA9E5F-A17B-40BE-92C4-813429361963}.Release|Any CPU.Build.0 = Release|Any CPU
	EndGlobalSection
	GlobalSection(SolutionProperties) = preSolution
		HideSolutionNode = FALSE
	EndGlobalSection
	GlobalSection(ExtensibilityGlobals) = postSolution
		SolutionGuid = {13736346-9A0F-447F-8E5E-7A07ED8BFD85}
	EndGlobalSection
EndGlobal
